// !$*UTF8*$!
{
	archiveVersion = 1;
	classes = {
	};
	objectVersion = 77;
	objects = {

/* Begin PBXContainerItemProxy section */
		3EAD5C0E2E75F5C500503EBF /* PBXContainerItemProxy */ = {
			isa = PBXContainerItemProxy;
			containerPortal = 3EAD5BF62E75F5C300503EBF /* Project object */;
			proxyType = 1;
			remoteGlobalIDString = 3EAD5BFD2E75F5C300503EBF;
			remoteInfo = "dont-give-up";
		};
		3EAD5C182E75F5C500503EBF /* PBXContainerItemProxy */ = {
			isa = PBXContainerItemProxy;
			containerPortal = 3EAD5BF62E75F5C300503EBF /* Project object */;
			proxyType = 1;
			remoteGlobalIDString = 3EAD5BFD2E75F5C300503EBF;
			remoteInfo = "dont-give-up";
		};
/* End PBXContainerItemProxy section */

/* Begin PBXFileReference section */
		3EAD5BFE2E75F5C300503EBF /* dont-give-up.app */ = {isa = PBXFileReference; explicitFileType = wrapper.application; includeInIndex = 0; path = "dont-give-up.app"; sourceTree = BUILT_PRODUCTS_DIR; };
		3EAD5C0D2E75F5C500503EBF /* dont-give-upTests.xctest */ = {isa = PBXFileReference; explicitFileType = wrapper.cfbundle; includeInIndex = 0; path = "dont-give-upTests.xctest"; sourceTree = BUILT_PRODUCTS_DIR; };
		3EAD5C172E75F5C500503EBF /* dont-give-upUITests.xctest */ = {isa = PBXFileReference; explicitFileType = wrapper.cfbundle; includeInIndex = 0; path = "dont-give-upUITests.xctest"; sourceTree = BUILT_PRODUCTS_DIR; };
/* End PBXFileReference section */

/* Begin PBXFileSystemSynchronizedRootGroup section */
		3EAD5C002E75F5C300503EBF /* dont-give-up */ = {
			isa = PBXFileSystemSynchronizedRootGroup;
			path = "dont-give-up";
			sourceTree = "<group>";
		};
		3EAD5C102E75F5C500503EBF /* dont-give-upTests */ = {
			isa = PBXFileSystemSynchronizedRootGroup;
			path = "dont-give-upTests";
			sourceTree = "<group>";
		};
		3EAD5C1A2E75F5C500503EBF /* dont-give-upUITests */ = {
			isa = PBXFileSystemSynchronizedRootGroup;
			path = "dont-give-upUITests";
			sourceTree = "<group>";
		};
/* End PBXFileSystemSynchronizedRootGroup section */

/* Begin PBXFrameworksBuildPhase section */
		3EAD5BFB2E75F5C300503EBF /* Frameworks */ = {
			isa = PBXFrameworksBuildPhase;
			buildActionMask = 2147483647;
			files = (
			);
			runOnlyForDeploymentPostprocessing = 0;
		};
		3EAD5C0A2E75F5C500503EBF /* Frameworks */ = {
			isa = PBXFrameworksBuildPhase;
			buildActionMask = 2147483647;
			files = (
			);
			runOnlyForDeploymentPostprocessing = 0;
		};
		3EAD5C142E75F5C500503EBF /* Frameworks */ = {
			isa = PBXFrameworksBuildPhase;
			buildActionMask = 2147483647;
			files = (
			);
			runOnlyForDeploymentPostprocessing = 0;
		};
/* End PBXFrameworksBuildPhase section */

/* Begin PBXGroup section */
		3EAD5BF52E75F5C300503EBF = {
			isa = PBXGroup;
			children = (
				3EAD5C002E75F5C300503EBF /* dont-give-up */,
				3EAD5C102E75F5C500503EBF /* dont-give-upTests */,
				3EAD5C1A2E75F5C500503EBF /* dont-give-upUITests */,
				3EAD5BFF2E75F5C300503EBF /* Products */,
			);
			sourceTree = "<group>";
		};
		3EAD5BFF2E75F5C300503EBF /* Products */ = {
			isa = PBXGroup;
			children = (
				3EAD5BFE2E75F5C300503EBF /* dont-give-up.app */,
				3EAD5C0D2E75F5C500503EBF /* dont-give-upTests.xctest */,
				3EAD5C172E75F5C500503EBF /* dont-give-upUITests.xctest */,
			);
			name = Products;
			sourceTree = "<group>";
		};
/* End PBXGroup section */

/* Begin PBXNativeTarget section */
		3EAD5BFD2E75F5C300503EBF /* dont-give-up */ = {
			isa = PBXNativeTarget;
			buildConfigurationList = 3EAD5C212E75F5C500503EBF /* Build configuration list for PBXNativeTarget "dont-give-up" */;
			buildPhases = (
				3EAD5BFA2E75F5C300503EBF /* Sources */,
				3EAD5BFB2E75F5C300503EBF /* Frameworks */,
				3EAD5BFC2E75F5C300503EBF /* Resources */,
			);
			buildRules = (
			);
			dependencies = (
			);
			fileSystemSynchronizedGroups = (
				3EAD5C002E75F5C300503EBF /* dont-give-up */,
			);
			name = "dont-give-up";
			packageProductDependencies = (
			);
			productName = "dont-give-up";
			productReference = 3EAD5BFE2E75F5C300503EBF /* dont-give-up.app */;
			productType = "com.apple.product-type.application";
		};
		3EAD5C0C2E75F5C500503EBF /* dont-give-upTests */ = {
			isa = PBXNativeTarget;
			buildConfigurationList = 3EAD5C242E75F5C500503EBF /* Build configuration list for PBXNativeTarget "dont-give-upTests" */;
			buildPhases = (
				3EAD5C092E75F5C500503EBF /* Sources */,
				3EAD5C0A2E75F5C500503EBF /* Frameworks */,
				3EAD5C0B2E75F5C500503EBF /* Resources */,
			);
			buildRules = (
			);
			dependencies = (
				3EAD5C0F2E75F5C500503EBF /* PBXTargetDependency */,
			);
			fileSystemSynchronizedGroups = (
				3EAD5C102E75F5C500503EBF /* dont-give-upTests */,
			);
			name = "dont-give-upTests";
			packageProductDependencies = (
			);
			productName = "dont-give-upTests";
			productReference = 3EAD5C0D2E75F5C500503EBF /* dont-give-upTests.xctest */;
			productType = "com.apple.product-type.bundle.unit-test";
		};
		3EAD5C162E75F5C500503EBF /* dont-give-upUITests */ = {
			isa = PBXNativeTarget;
			buildConfigurationList = 3EAD5C272E75F5C500503EBF /* Build configuration list for PBXNativeTarget "dont-give-upUITests" */;
			buildPhases = (
				3EAD5C132E75F5C500503EBF /* Sources */,
				3EAD5C142E75F5C500503EBF /* Frameworks */,
				3EAD5C152E75F5C500503EBF /* Resources */,
			);
			buildRules = (
			);
			dependencies = (
				3EAD5C192E75F5C500503EBF /* PBXTargetDependency */,
			);
			fileSystemSynchronizedGroups = (
				3EAD5C1A2E75F5C500503EBF /* dont-give-upUITests */,
			);
			name = "dont-give-upUITests";
			packageProductDependencies = (
			);
			productName = "dont-give-upUITests";
			productReference = 3EAD5C172E75F5C500503EBF /* dont-give-upUITests.xctest */;
			productType = "com.apple.product-type.bundle.ui-testing";
		};
/* End PBXNativeTarget section */

/* Begin PBXProject section */
		3EAD5BF62E75F5C300503EBF /* Project object */ = {
			isa = PBXProject;
			attributes = {
				BuildIndependentTargetsInParallel = 1;
				LastSwiftUpdateCheck = 1640;
				LastUpgradeCheck = 1640;
				TargetAttributes = {
					3EAD5BFD2E75F5C300503EBF = {
						CreatedOnToolsVersion = 16.4;
					};
					3EAD5C0C2E75F5C500503EBF = {
						CreatedOnToolsVersion = 16.4;
						TestTargetID = 3EAD5BFD2E75F5C300503EBF;
					};
					3EAD5C162E75F5C500503EBF = {
						CreatedOnToolsVersion = 16.4;
						TestTargetID = 3EAD5BFD2E75F5C300503EBF;
					};
				};
			};
			buildConfigurationList = 3EAD5BF92E75F5C300503EBF /* Build configuration list for PBXProject "dont-give-up" */;
			developmentRegion = en;
			hasScannedForEncodings = 0;
			knownRegions = (
				en,
				Base,
			);
			mainGroup = 3EAD5BF52E75F5C300503EBF;
			minimizedProjectReferenceProxies = 1;
			preferredProjectObjectVersion = 77;
			productRefGroup = 3EAD5BFF2E75F5C300503EBF /* Products */;
			projectDirPath = "";
			projectRoot = "";
			targets = (
				3EAD5BFD2E75F5C300503EBF /* dont-give-up */,
				3EAD5C0C2E75F5C500503EBF /* dont-give-upTests */,
				3EAD5C162E75F5C500503EBF /* dont-give-upUITests */,
			);
		};
/* End PBXProject section */

/* Begin PBXResourcesBuildPhase section */
		3EAD5BFC2E75F5C300503EBF /* Resources */ = {
			isa = PBXResourcesBuildPhase;
			buildActionMask = 2147483647;
			files = (
			);
			runOnlyForDeploymentPostprocessing = 0;
		};
		3EAD5C0B2E75F5C500503EBF /* Resources */ = {
			isa = PBXResourcesBuildPhase;
			buildActionMask = 2147483647;
			files = (
			);
			runOnlyForDeploymentPostprocessing = 0;
		};
		3EAD5C152E75F5C500503EBF /* Resources */ = {
			isa = PBXResourcesBuildPhase;
			buildActionMask = 2147483647;
			files = (
			);
			runOnlyForDeploymentPostprocessing = 0;
		};
/* End PBXResourcesBuildPhase section */

/* Begin PBXSourcesBuildPhase section */
		3EAD5BFA2E75F5C300503EBF /* Sources */ = {
			isa = PBXSourcesBuildPhase;
			buildActionMask = 2147483647;
			files = (
			);
			runOnlyForDeploymentPostprocessing = 0;
		};
		3EAD5C092E75F5C500503EBF /* Sources */ = {
			isa = PBXSourcesBuildPhase;
			buildActionMask = 2147483647;
			files = (
			);
			runOnlyForDeploymentPostprocessing = 0;
		};
		3EAD5C132E75F5C500503EBF /* Sources */ = {
			isa = PBXSourcesBuildPhase;
			buildActionMask = 2147483647;
			files = (
			);
			runOnlyForDeploymentPostprocessing = 0;
		};
/* End PBXSourcesBuildPhase section */

/* Begin PBXTargetDependency section */
		3EAD5C0F2E75F5C500503EBF /* PBXTargetDependency */ = {
			isa = PBXTargetDependency;
			target = 3EAD5BFD2E75F5C300503EBF /* dont-give-up */;
			targetProxy = 3EAD5C0E2E75F5C500503EBF /* PBXContainerItemProxy */;
		};
		3EAD5C192E75F5C500503EBF /* PBXTargetDependency */ = {
			isa = PBXTargetDependency;
			target = 3EAD5BFD2E75F5C300503EBF /* dont-give-up */;
			targetProxy = 3EAD5C182E75F5C500503EBF /* PBXContainerItemProxy */;
		};
/* End PBXTargetDependency section */

/* Begin XCBuildConfiguration section */
		3EAD5C1F2E75F5C500503EBF /* Debug */ = {
			isa = XCBuildConfiguration;
			buildSettings = {
				ALWAYS_SEARCH_USER_PATHS = NO;
				ASSETCATALOG_COMPILER_GENERATE_SWIFT_ASSET_SYMBOL_EXTENSIONS = YES;
				CLANG_ANALYZER_NONNULL = YES;
				CLANG_ANALYZER_NUMBER_OBJECT_CONVERSION = YES_AGGRESSIVE;
				CLANG_CXX_LANGUAGE_STANDARD = "gnu++20";
				CLANG_ENABLE_MODULES = YES;
				CLANG_ENABLE_OBJC_ARC = YES;
				CLANG_ENABLE_OBJC_WEAK = YES;
				CLANG_WARN_BLOCK_CAPTURE_AUTORELEASING = YES;
				CLANG_WARN_BOOL_CONVERSION = YES;
				CLANG_WARN_COMMA = YES;
				CLANG_WARN_CONSTANT_CONVERSION = YES;
				CLANG_WARN_DEPRECATED_OBJC_IMPLEMENTATIONS = YES;
				CLANG_WARN_DIRECT_OBJC_ISA_USAGE = YES_ERROR;
				CLANG_WARN_DOCUMENTATION_COMMENTS = YES;
				CLANG_WARN_EMPTY_BODY = YES;
				CLANG_WARN_ENUM_CONVERSION = YES;
				CLANG_WARN_INFINITE_RECURSION = YES;
				CLANG_WARN_INT_CONVERSION = YES;
				CLANG_WARN_NON_LITERAL_NULL_CONVERSION = YES;
				CLANG_WARN_OBJC_IMPLICIT_RETAIN_SELF = YES;
				CLANG_WARN_OBJC_LITERAL_CONVERSION = YES;
				CLANG_WARN_OBJC_ROOT_CLASS = YES_ERROR;
				CLANG_WARN_QUOTED_INCLUDE_IN_FRAMEWORK_HEADER = YES;
				CLANG_WARN_RANGE_LOOP_ANALYSIS = YES;
				CLANG_WARN_STRICT_PROTOTYPES = YES;
				CLANG_WARN_SUSPICIOUS_MOVE = YES;
				CLANG_WARN_UNGUARDED_AVAILABILITY = YES_AGGRESSIVE;
				CLANG_WARN_UNREACHABLE_CODE = YES;
				CLANG_WARN__DUPLICATE_METHOD_MATCH = YES;
				COPY_PHASE_STRIP = NO;
				DEBUG_INFORMATION_FORMAT = dwarf;
				DEVELOPMENT_TEAM = JM5A8FF753;
				ENABLE_STRICT_OBJC_MSGSEND = YES;
				ENABLE_TESTABILITY = YES;
				ENABLE_USER_SCRIPT_SANDBOXING = YES;
				GCC_C_LANGUAGE_STANDARD = gnu17;
				GCC_DYNAMIC_NO_PIC = NO;
				GCC_NO_COMMON_BLOCKS = YES;
				GCC_OPTIMIZATION_LEVEL = 0;
				GCC_PREPROCESSOR_DEFINITIONS = (
					"DEBUG=1",
					"$(inherited)",
				);
				GCC_WARN_64_TO_32_BIT_CONVERSION = YES;
				GCC_WARN_ABOUT_RETURN_TYPE = YES_ERROR;
				GCC_WARN_UNDECLARED_SELECTOR = YES;
				GCC_WARN_UNINITIALIZED_AUTOS = YES_AGGRESSIVE;
				GCC_WARN_UNUSED_FUNCTION = YES;
				GCC_WARN_UNUSED_VARIABLE = YES;
				IPHONEOS_DEPLOYMENT_TARGET = 18.5;
				LOCALIZATION_PREFERS_STRING_CATALOGS = YES;
				MTL_ENABLE_DEBUG_INFO = INCLUDE_SOURCE;
				MTL_FAST_MATH = YES;
				ONLY_ACTIVE_ARCH = YES;
				SDKROOT = iphoneos;
				SWIFT_ACTIVE_COMPILATION_CONDITIONS = "DEBUG $(inherited)";
				SWIFT_OPTIMIZATION_LEVEL = "-Onone";
			};
			name = Debug;
		};
		3EAD5C202E75F5C500503EBF /* Release */ = {
			isa = XCBuildConfiguration;
			buildSettings = {
				ALWAYS_SEARCH_USER_PATHS = NO;
				ASSETCATALOG_COMPILER_GENERATE_SWIFT_ASSET_SYMBOL_EXTENSIONS = YES;
				CLANG_ANALYZER_NONNULL = YES;
				CLANG_ANALYZER_NUMBER_OBJECT_CONVERSION = YES_AGGRESSIVE;
				CLANG_CXX_LANGUAGE_STANDARD = "gnu++20";
				CLANG_ENABLE_MODULES = YES;
				CLANG_ENABLE_OBJC_ARC = YES;
				CLANG_ENABLE_OBJC_WEAK = YES;
				CLANG_WARN_BLOCK_CAPTURE_AUTORELEASING = YES;
				CLANG_WARN_BOOL_CONVERSION = YES;
				CLANG_WARN_COMMA = YES;
				CLANG_WARN_CONSTANT_CONVERSION = YES;
				CLANG_WARN_DEPRECATED_OBJC_IMPLEMENTATIONS = YES;
				CLANG_WARN_DIRECT_OBJC_ISA_USAGE = YES_ERROR;
				CLANG_WARN_DOCUMENTATION_COMMENTS = YES;
				CLANG_WARN_EMPTY_BODY = YES;
				CLANG_WARN_ENUM_CONVERSION = YES;
				CLANG_WARN_INFINITE_RECURSION = YES;
				CLANG_WARN_INT_CONVERSION = YES;
				CLANG_WARN_NON_LITERAL_NULL_CONVERSION = YES;
				CLANG_WARN_OBJC_IMPLICIT_RETAIN_SELF = YES;
				CLANG_WARN_OBJC_LITERAL_CONVERSION = YES;
				CLANG_WARN_OBJC_ROOT_CLASS = YES_ERROR;
				CLANG_WARN_QUOTED_INCLUDE_IN_FRAMEWORK_HEADER = YES;
				CLANG_WARN_RANGE_LOOP_ANALYSIS = YES;
				CLANG_WARN_STRICT_PROTOTYPES = YES;
				CLANG_WARN_SUSPICIOUS_MOVE = YES;
				CLANG_WARN_UNGUARDED_AVAILABILITY = YES_AGGRESSIVE;
				CLANG_WARN_UNREACHABLE_CODE = YES;
				CLANG_WARN__DUPLICATE_METHOD_MATCH = YES;
				COPY_PHASE_STRIP = NO;
				DEBUG_INFORMATION_FORMAT = "dwarf-with-dsym";
				DEVELOPMENT_TEAM = JM5A8FF753;
				ENABLE_NS_ASSERTIONS = NO;
				ENABLE_STRICT_OBJC_MSGSEND = YES;
				ENABLE_USER_SCRIPT_SANDBOXING = YES;
				GCC_C_LANGUAGE_STANDARD = gnu17;
				GCC_NO_COMMON_BLOCKS = YES;
				GCC_WARN_64_TO_32_BIT_CONVERSION = YES;
				GCC_WARN_ABOUT_RETURN_TYPE = YES_ERROR;
				GCC_WARN_UNDECLARED_SELECTOR = YES;
				GCC_WARN_UNINITIALIZED_AUTOS = YES_AGGRESSIVE;
				GCC_WARN_UNUSED_FUNCTION = YES;
				GCC_WARN_UNUSED_VARIABLE = YES;
				IPHONEOS_DEPLOYMENT_TARGET = 18.5;
				LOCALIZATION_PREFERS_STRING_CATALOGS = YES;
				MTL_ENABLE_DEBUG_INFO = NO;
				MTL_FAST_MATH = YES;
				SDKROOT = iphoneos;
				SWIFT_COMPILATION_MODE = wholemodule;
				VALIDATE_PRODUCT = YES;
			};
			name = Release;
		};
		3EAD5C222E75F5C500503EBF /* Debug */ = {
			isa = XCBuildConfiguration;
			buildSettings = {
				ASSETCATALOG_COMPILER_APPICON_NAME = AppIcon;
				ASSETCATALOG_COMPILER_GLOBAL_ACCENT_COLOR_NAME = AccentColor;
				CODE_SIGN_STYLE = Automatic;
				CURRENT_PROJECT_VERSION = 1;
				DEVELOPMENT_TEAM = JM5A8FF753;
				ENABLE_PREVIEWS = YES;
				GENERATE_INFOPLIST_FILE = YES;
				INFOPLIST_KEY_UIApplicationSceneManifest_Generation = YES;
				INFOPLIST_KEY_UIApplicationSupportsIndirectInputEvents = YES;
				INFOPLIST_KEY_UILaunchScreen_Generation = YES;
				INFOPLIST_KEY_UISupportedInterfaceOrientations_iPad = "UIInterfaceOrientationPortrait UIInterfaceOrientationPortraitUpsideDown UIInterfaceOrientationLandscapeLeft UIInterfaceOrientationLandscapeRight";
				INFOPLIST_KEY_UISupportedInterfaceOrientations_iPhone = "UIInterfaceOrientationPortrait UIInterfaceOrientationLandscapeLeft UIInterfaceOrientationLandscapeRight";
				LD_RUNPATH_SEARCH_PATHS = (
					"$(inherited)",
					"@executable_path/Frameworks",
				);
				MARKETING_VERSION = 1.0;
				PRODUCT_BUNDLE_IDENTIFIER = "com.ycourteau.dont-give-up";
				PRODUCT_NAME = "$(TARGET_NAME)";
				SWIFT_EMIT_LOC_STRINGS = YES;
				SWIFT_VERSION = 5.0;
				TARGETED_DEVICE_FAMILY = "1,2";
			};
			name = Debug;
		};
		3EAD5C232E75F5C500503EBF /* Release */ = {
			isa = XCBuildConfiguration;
			buildSettings = {
				ASSETCATALOG_COMPILER_APPICON_NAME = AppIcon;
				ASSETCATALOG_COMPILER_GLOBAL_ACCENT_COLOR_NAME = AccentColor;
				CODE_SIGN_STYLE = Automatic;
				CURRENT_PROJECT_VERSION = 1;
				DEVELOPMENT_TEAM = JM5A8FF753;
				ENABLE_PREVIEWS = YES;
				GENERATE_INFOPLIST_FILE = YES;
				INFOPLIST_KEY_UIApplicationSceneManifest_Generation = YES;
				INFOPLIST_KEY_UIApplicationSupportsIndirectInputEvents = YES;
				INFOPLIST_KEY_UILaunchScreen_Generation = YES;
				INFOPLIST_KEY_UISupportedInterfaceOrientations_iPad = "UIInterfaceOrientationPortrait UIInterfaceOrientationPortraitUpsideDown UIInterfaceOrientationLandscapeLeft UIInterfaceOrientationLandscapeRight";
				INFOPLIST_KEY_UISupportedInterfaceOrientations_iPhone = "UIInterfaceOrientationPortrait UIInterfaceOrientationLandscapeLeft UIInterfaceOrientationLandscapeRight";
				LD_RUNPATH_SEARCH_PATHS = (
					"$(inherited)",
					"@executable_path/Frameworks",
				);
				MARKETING_VERSION = 1.0;
				PRODUCT_BUNDLE_IDENTIFIER = "com.ycourteau.dont-give-up";
				PRODUCT_NAME = "$(TARGET_NAME)";
				SWIFT_EMIT_LOC_STRINGS = YES;
				SWIFT_VERSION = 5.0;
				TARGETED_DEVICE_FAMILY = "1,2";
			};
			name = Release;
		};
		3EAD5C252E75F5C500503EBF /* Debug */ = {
			isa = XCBuildConfiguration;
			buildSettings = {
				BUNDLE_LOADER = "$(TEST_HOST)";
				CODE_SIGN_STYLE = Automatic;
				CURRENT_PROJECT_VERSION = 1;
				DEVELOPMENT_TEAM = JM5A8FF753;
				GENERATE_INFOPLIST_FILE = YES;
				IPHONEOS_DEPLOYMENT_TARGET = 18.5;
				MARKETING_VERSION = 1.0;
				PRODUCT_BUNDLE_IDENTIFIER = "com.ycourteau.dont-give-upTests";
				PRODUCT_NAME = "$(TARGET_NAME)";
				SWIFT_EMIT_LOC_STRINGS = NO;
				SWIFT_VERSION = 5.0;
				TARGETED_DEVICE_FAMILY = "1,2";
				TEST_HOST = "$(BUILT_PRODUCTS_DIR)/dont-give-up.app/$(BUNDLE_EXECUTABLE_FOLDER_PATH)/dont-give-up";
			};
			name = Debug;
		};
		3EAD5C262E75F5C500503EBF /* Release */ = {
			isa = XCBuildConfiguration;
			buildSettings = {
				BUNDLE_LOADER = "$(TEST_HOST)";
				CODE_SIGN_STYLE = Automatic;
				CURRENT_PROJECT_VERSION = 1;
				DEVELOPMENT_TEAM = JM5A8FF753;
				GENERATE_INFOPLIST_FILE = YES;
				IPHONEOS_DEPLOYMENT_TARGET = 18.5;
				MARKETING_VERSION = 1.0;
				PRODUCT_BUNDLE_IDENTIFIER = "com.ycourteau.dont-give-upTests";
				PRODUCT_NAME = "$(TARGET_NAME)";
				SWIFT_EMIT_LOC_STRINGS = NO;
				SWIFT_VERSION = 5.0;
				TARGETED_DEVICE_FAMILY = "1,2";
				TEST_HOST = "$(BUILT_PRODUCTS_DIR)/dont-give-up.app/$(BUNDLE_EXECUTABLE_FOLDER_PATH)/dont-give-up";
			};
			name = Release;
		};
		3EAD5C282E75F5C500503EBF /* Debug */ = {
			isa = XCBuildConfiguration;
			buildSettings = {
				CODE_SIGN_STYLE = Automatic;
				CURRENT_PROJECT_VERSION = 1;
				DEVELOPMENT_TEAM = JM5A8FF753;
				GENERATE_INFOPLIST_FILE = YES;
				MARKETING_VERSION = 1.0;
				PRODUCT_BUNDLE_IDENTIFIER = "com.ycourteau.dont-give-upUITests";
				PRODUCT_NAME = "$(TARGET_NAME)";
				SWIFT_EMIT_LOC_STRINGS = NO;
				SWIFT_VERSION = 5.0;
				TARGETED_DEVICE_FAMILY = "1,2";
				TEST_TARGET_NAME = "dont-give-up";
			};
			name = Debug;
		};
		3EAD5C292E75F5C500503EBF /* Release */ = {
			isa = XCBuildConfiguration;
			buildSettings = {
				CODE_SIGN_STYLE = Automatic;
				CURRENT_PROJECT_VERSION = 1;
				DEVELOPMENT_TEAM = JM5A8FF753;
				GENERATE_INFOPLIST_FILE = YES;
				MARKETING_VERSION = 1.0;
				PRODUCT_BUNDLE_IDENTIFIER = "com.ycourteau.dont-give-upUITests";
				PRODUCT_NAME = "$(TARGET_NAME)";
				SWIFT_EMIT_LOC_STRINGS = NO;
				SWIFT_VERSION = 5.0;
				TARGETED_DEVICE_FAMILY = "1,2";
				TEST_TARGET_NAME = "dont-give-up";
			};
			name = Release;
		};
/* End XCBuildConfiguration section */

/* Begin XCConfigurationList section */
		3EAD5BF92E75F5C300503EBF /* Build configuration list for PBXProject "dont-give-up" */ = {
			isa = XCConfigurationList;
			buildConfigurations = (
				3EAD5C1F2E75F5C500503EBF /* Debug */,
				3EAD5C202E75F5C500503EBF /* Release */,
			);
			defaultConfigurationIsVisible = 0;
			defaultConfigurationName = Release;
		};
		3EAD5C212E75F5C500503EBF /* Build configuration list for PBXNativeTarget "dont-give-up" */ = {
			isa = XCConfigurationList;
			buildConfigurations = (
				3EAD5C222E75F5C500503EBF /* Debug */,
				3EAD5C232E75F5C500503EBF /* Release */,
			);
			defaultConfigurationIsVisible = 0;
			defaultConfigurationName = Release;
		};
		3EAD5C242E75F5C500503EBF /* Build configuration list for PBXNativeTarget "dont-give-upTests" */ = {
			isa = XCConfigurationList;
			buildConfigurations = (
				3EAD5C252E75F5C500503EBF /* Debug */,
				3EAD5C262E75F5C500503EBF /* Release */,
			);
			defaultConfigurationIsVisible = 0;
			defaultConfigurationName = Release;
		};
		3EAD5C272E75F5C500503EBF /* Build configuration list for PBXNativeTarget "dont-give-upUITests" */ = {
			isa = XCConfigurationList;
			buildConfigurations = (
				3EAD5C282E75F5C500503EBF /* Debug */,
				3EAD5C292E75F5C500503EBF /* Release */,
			);
			defaultConfigurationIsVisible = 0;
			defaultConfigurationName = Release;
		};
/* End XCConfigurationList section */
	};
	rootObject = 3EAD5BF62E75F5C300503EBF /* Project object */;
}
